
Microsoft Visual Studio Solution File, Format Version 12.00
# Visual Studio Version 17
VisualStudioVersion = 17.6.33829.357
MinimumVisualStudioVersion = 10.0.40219.1
Project("{FAE04EC0-301F-11D3-BF4B-00C04F79EFBC}") = "ConsoleApp5", "ConsoleApp5\ConsoleApp5.csproj", "{D828522F-94BF-4547-9400-6F6688300D77}"
EndProject
Global
	GlobalSection(SolutionConfigurationPlatforms) = preSolution
		Debug|Any CPU = Debug|Any CPU
		Release|Any CPU = Release|Any CPU
	EndGlobalSection
	GlobalSection(ProjectConfigurationPlatforms) = postSolution
		{D828522F-94BF-4547-9400-6F6688300D77}.Debug|Any CPU.ActiveCfg = Debug|Any CPU
		{D828522F-94BF-4547-9400-6F6688300D77}.Debug|Any CPU.Build.0 = Debug|Any CPU
		{D828522F-94BF-4547-9400-6F6688300D77}.Release|Any CPU.ActiveCfg = Release|Any CPU
		{D828522F-94BF-4547-9400-6F6688300D77}.Release|Any CPU.Build.0 = Release|Any CPU
	EndGlobalSection
	GlobalSection(SolutionProperties) = preSolution
		HideSolutionNode = FALSE
	EndGlobalSection
	GlobalSection(ExtensibilityGlobals) = postSolution
		SolutionGuid = {38FC11F5-010F-4F2F-BEB2-E09F3C08FBCD}
	EndGlobalSection
EndGlobal
